
Microsoft Visual Studio Solution File, Format Version 12.00
# Visual Studio Version 17
VisualStudioVersion = 17.5.002.0
MinimumVisualStudioVersion = 10.0.40219.1
Project("{2150E333-8FDC-42A3-9474-1A3956D46DE8}") = "task6", "task6", "{C8E7CFD1-9F38-4AF1-A398-6433058DA340}"
EndProject
Project("{9A19103F-16F7-4668-BE54-9A1E7A4F7556}") = "MyWebApp", "task6\MyWebApp\MyWebApp.csproj", "{F61A7505-E643-4650-B554-4D31E6ED71C8}"
EndProject
Global
	GlobalSection(SolutionConfigurationPlatforms) = preSolution
		Debug|Any CPU = Debug|Any CPU
		Release|Any CPU = Release|Any CPU
	EndGlobalSection
	GlobalSection(ProjectConfigurationPlatforms) = postSolution
		{F61A7505-E643-4650-B554-4D31E6ED71C8}.Debug|Any CPU.ActiveCfg = Debug|Any CPU
		{F61A7505-E643-4650-B554-4D31E6ED71C8}.Debug|Any CPU.Build.0 = Debug|Any CPU
		{F61A7505-E643-4650-B554-4D31E6ED71C8}.Release|Any CPU.ActiveCfg = Release|Any CPU
		{F61A7505-E643-4650-B554-4D31E6ED71C8}.Release|Any CPU.Build.0 = Release|Any CPU
	EndGlobalSection
	GlobalSection(SolutionProperties) = preSolution
		HideSolutionNode = FALSE
	EndGlobalSection
	GlobalSection(NestedProjects) = preSolution
		{F61A7505-E643-4650-B554-4D31E6ED71C8} = {C8E7CFD1-9F38-4AF1-A398-6433058DA340}
	EndGlobalSection
	GlobalSection(ExtensibilityGlobals) = postSolution
		SolutionGuid = {E4F0255C-8E85-4982-8BFF-701FC3632B56}
	EndGlobalSection
EndGlobal
