
Microsoft Visual Studio Solution File, Format Version 12.00
# Visual Studio Version 17
VisualStudioVersion = 17.5.002.0
MinimumVisualStudioVersion = 10.0.40219.1
Project("{9A19103F-16F7-4668-BE54-9A1E7A4F7556}") = "MyWebApp", "MyWebApp\MyWebApp.csproj", "{65105FFD-2474-49C2-9F42-74E7796543B6}"
EndProject
Project("{9A19103F-16F7-4668-BE54-9A1E7A4F7556}") = "TodoApi", "TodoApi\TodoApi.csproj", "{F89ADEE6-5865-4722-AA4B-F2555CE65CD8}"
EndProject
Global
	GlobalSection(SolutionConfigurationPlatforms) = preSolution
		Debug|Any CPU = Debug|Any CPU
		Release|Any CPU = Release|Any CPU
	EndGlobalSection
	GlobalSection(ProjectConfigurationPlatforms) = postSolution
		{65105FFD-2474-49C2-9F42-74E7796543B6}.Debug|Any CPU.ActiveCfg = Debug|Any CPU
		{65105FFD-2474-49C2-9F42-74E7796543B6}.Debug|Any CPU.Build.0 = Debug|Any CPU
		{65105FFD-2474-49C2-9F42-74E7796543B6}.Release|Any CPU.ActiveCfg = Release|Any CPU
		{65105FFD-2474-49C2-9F42-74E7796543B6}.Release|Any CPU.Build.0 = Release|Any CPU
		{F89ADEE6-5865-4722-AA4B-F2555CE65CD8}.Debug|Any CPU.ActiveCfg = Debug|Any CPU
		{F89ADEE6-5865-4722-AA4B-F2555CE65CD8}.Debug|Any CPU.Build.0 = Debug|Any CPU
		{F89ADEE6-5865-4722-AA4B-F2555CE65CD8}.Release|Any CPU.ActiveCfg = Release|Any CPU
		{F89ADEE6-5865-4722-AA4B-F2555CE65CD8}.Release|Any CPU.Build.0 = Release|Any CPU
	EndGlobalSection
	GlobalSection(SolutionProperties) = preSolution
		HideSolutionNode = FALSE
	EndGlobalSection
	GlobalSection(ExtensibilityGlobals) = postSolution
		SolutionGuid = {9746A476-99B2-4D30-AB4D-2E80321777F2}
	EndGlobalSection
EndGlobal
